
Microsoft Visual Studio Solution File, Format Version 12.00
# Visual Studio Version 16
VisualStudioVersion = 16.0.31321.278
MinimumVisualStudioVersion = 10.0.40219.1
Project("{FAE04EC0-301F-11D3-BF4B-00C04F79EFBC}") = "BikeDatabase", "BikeDatabase\BikeDatabase.csproj", "{DBE9C30D-D7CB-4A7F-8A1C-FE17DD1C930D}"
EndProject
Global
	GlobalSection(SolutionConfigurationPlatforms) = preSolution
		Debug|Any CPU = Debug|Any CPU
		Release|Any CPU = Release|Any CPU
	EndGlobalSection
	GlobalSection(ProjectConfigurationPlatforms) = postSolution
		{DBE9C30D-D7CB-4A7F-8A1C-FE17DD1C930D}.Debug|Any CPU.ActiveCfg = Debug|Any CPU
		{DBE9C30D-D7CB-4A7F-8A1C-FE17DD1C930D}.Debug|Any CPU.Build.0 = Debug|Any CPU
		{DBE9C30D-D7CB-4A7F-8A1C-FE17DD1C930D}.Release|Any CPU.ActiveCfg = Release|Any CPU
		{DBE9C30D-D7CB-4A7F-8A1C-FE17DD1C930D}.Release|Any CPU.Build.0 = Release|Any CPU
	EndGlobalSection
	GlobalSection(SolutionProperties) = preSolution
		HideSolutionNode = FALSE
	EndGlobalSection
	GlobalSection(ExtensibilityGlobals) = postSolution
		SolutionGuid = {56D7484B-D8DB-4A64-954B-C58FFD10171A}
	EndGlobalSection
EndGlobal
